{
  "version": 4,
  "terraform_version": "1.3.7",
  "serial": 48,
  "lineage": "5a934ea5-15b0-63a2-ac40-378369e35c45",
  "outputs": {
    "object_id": {
      "value": "03ef7bfa-d9ce-4f02-af11-47193ebab86d",
      "type": "string"
    },
    "tenant_id": {
      "value": "d18895cc-999c-43f0-acda-6b008393110a",
      "type": "string"
    }
  },
  "resources": [
    {
      "mode": "data",
      "type": "azurerm_client_config",
      "name": "terraform",
      "provider": "provider[\"registry.terraform.io/hashicorp/azurerm\"]",
      "instances": [
        {
          "schema_version": 0,
          "attributes": {
            "client_id": "b73e92d6-2aa0-4c0a-af3d-14beacc772f2",
            "id": "2023-01-10 12:02:19.9799745 +0000 UTC",
            "object_id": "03ef7bfa-d9ce-4f02-af11-47193ebab86d",
            "subscription_id": "8a21611a-c5d3-4127-a0e2-be72ad32026d",
            "tenant_id": "d18895cc-999c-43f0-acda-6b008393110a",
            "timeouts": null
          },
          "sensitive_attributes": []
        }
      ]
    },
    {
      "mode": "managed",
      "type": "azurerm_key_vault",
      "name": "key-vault",
      "provider": "provider[\"registry.terraform.io/hashicorp/azurerm\"]",
      "instances": [
        {
          "index_key": 0,
          "schema_version": 2,
          "attributes": {
            "access_policy": [
              {
                "application_id": "",
                "certificate_permissions": null,
                "key_permissions": null,
                "object_id": "03ef7bfa-d9ce-4f02-af11-47193ebab86d",
                "secret_permissions": [
                  "Set",
                  "Get",
                  "List",
                  "Delete",
                  "Purge",
                  "Recover"
                ],
                "storage_permissions": null,
                "tenant_id": "d18895cc-999c-43f0-acda-6b008393110a"
              }
            ],
            "contact": [],
            "enable_rbac_authorization": false,
            "enabled_for_deployment": false,
            "enabled_for_disk_encryption": true,
            "enabled_for_template_deployment": false,
            "id": "/subscriptions/8a21611a-c5d3-4127-a0e2-be72ad32026d/resourceGroups/apoorv-rg/providers/Microsoft.KeyVault/vaults/apoorv0099",
            "location": "eastus",
            "name": "apoorv0099",
            "network_acls": [
              {
                "bypass": "AzureServices",
                "default_action": "Allow",
                "ip_rules": [],
                "virtual_network_subnet_ids": []
              }
            ],
            "purge_protection_enabled": false,
            "resource_group_name": "apoorv-rg",
            "sku_name": "standard",
            "soft_delete_retention_days": 7,
            "tags": {
              "environment": "test"
            },
            "tenant_id": "d18895cc-999c-43f0-acda-6b008393110a",
            "timeouts": null,
            "vault_uri": "https://apoorv0099.vault.azure.net/"
          },
          "sensitive_attributes": [],
          "private": "eyJlMmJmYjczMC1lY2FhLTExZTYtOGY4OC0zNDM2M2JjN2M0YzAiOnsiY3JlYXRlIjoxODAwMDAwMDAwMDAwLCJkZWxldGUiOjE4MDAwMDAwMDAwMDAsInJlYWQiOjMwMDAwMDAwMDAwMCwidXBkYXRlIjoxODAwMDAwMDAwMDAwfSwic2NoZW1hX3ZlcnNpb24iOiIyIn0=",
          "dependencies": [
            "azurerm_resource_group.RG",
            "data.azurerm_client_config.terraform"
          ]
        },
        {
          "index_key": 1,
          "schema_version": 2,
          "attributes": {
            "access_policy": [
              {
                "application_id": "",
                "certificate_permissions": null,
                "key_permissions": null,
                "object_id": "03ef7bfa-d9ce-4f02-af11-47193ebab86d",
                "secret_permissions": [
                  "Set",
                  "Get",
                  "List",
                  "Delete",
                  "Purge",
                  "Recover"
                ],
                "storage_permissions": null,
                "tenant_id": "d18895cc-999c-43f0-acda-6b008393110a"
              }
            ],
            "contact": [],
            "enable_rbac_authorization": false,
            "enabled_for_deployment": false,
            "enabled_for_disk_encryption": true,
            "enabled_for_template_deployment": false,
            "id": "/subscriptions/8a21611a-c5d3-4127-a0e2-be72ad32026d/resourceGroups/apoorv-rg/providers/Microsoft.KeyVault/vaults/boss4422",
            "location": "eastus",
            "name": "boss4422",
            "network_acls": [
              {
                "bypass": "AzureServices",
                "default_action": "Allow",
                "ip_rules": [],
                "virtual_network_subnet_ids": []
              }
            ],
            "purge_protection_enabled": false,
            "resource_group_name": "apoorv-rg",
            "sku_name": "standard",
            "soft_delete_retention_days": 7,
            "tags": {
              "environment": "test"
            },
            "tenant_id": "d18895cc-999c-43f0-acda-6b008393110a",
            "timeouts": null,
            "vault_uri": "https://boss4422.vault.azure.net/"
          },
          "sensitive_attributes": [],
          "private": "eyJlMmJmYjczMC1lY2FhLTExZTYtOGY4OC0zNDM2M2JjN2M0YzAiOnsiY3JlYXRlIjoxODAwMDAwMDAwMDAwLCJkZWxldGUiOjE4MDAwMDAwMDAwMDAsInJlYWQiOjMwMDAwMDAwMDAwMCwidXBkYXRlIjoxODAwMDAwMDAwMDAwfSwic2NoZW1hX3ZlcnNpb24iOiIyIn0=",
          "dependencies": [
            "azurerm_resource_group.RG",
            "data.azurerm_client_config.terraform"
          ]
        }
      ]
    },
    {
      "mode": "managed",
      "type": "azurerm_key_vault_secret",
      "name": "secrets-password",
      "provider": "provider[\"registry.terraform.io/hashicorp/azurerm\"]",
      "instances": [
        {
          "index_key": 0,
          "schema_version": 0,
          "attributes": {
            "content_type": "",
            "expiration_date": null,
            "id": "https://apoorv0099.vault.azure.net/secrets/window-vm-password/fa121044690344689436f5bc86f4c86b",
            "key_vault_id": "/subscriptions/8a21611a-c5d3-4127-a0e2-be72ad32026d/resourceGroups/apoorv-rg/providers/Microsoft.KeyVault/vaults/apoorv0099",
            "name": "window-vm-password",
            "not_before_date": null,
            "tags": null,
            "timeouts": null,
            "value": "Password@123",
            "version": "fa121044690344689436f5bc86f4c86b",
            "versionless_id": "https://apoorv0099.vault.azure.net/secrets/window-vm-password"
          },
          "sensitive_attributes": [],
          "private": "eyJlMmJmYjczMC1lY2FhLTExZTYtOGY4OC0zNDM2M2JjN2M0YzAiOnsiY3JlYXRlIjoxODAwMDAwMDAwMDAwLCJkZWxldGUiOjE4MDAwMDAwMDAwMDAsInJlYWQiOjMwMDAwMDAwMDAwMCwidXBkYXRlIjoxODAwMDAwMDAwMDAwfX0=",
          "dependencies": [
            "azurerm_key_vault.key-vault",
            "azurerm_resource_group.RG",
            "data.azurerm_client_config.terraform"
          ]
        },
        {
          "index_key": 1,
          "schema_version": 0,
          "attributes": {
            "content_type": "",
            "expiration_date": null,
            "id": "https://boss4422.vault.azure.net/secrets/linux-vm-password/d5c3f2ab264240808b6fdf3c8762d780",
            "key_vault_id": "/subscriptions/8a21611a-c5d3-4127-a0e2-be72ad32026d/resourceGroups/apoorv-rg/providers/Microsoft.KeyVault/vaults/boss4422",
            "name": "linux-vm-password",
            "not_before_date": null,
            "tags": null,
            "timeouts": null,
            "value": "Password@123",
            "version": "d5c3f2ab264240808b6fdf3c8762d780",
            "versionless_id": "https://boss4422.vault.azure.net/secrets/linux-vm-password"
          },
          "sensitive_attributes": [],
          "private": "eyJlMmJmYjczMC1lY2FhLTExZTYtOGY4OC0zNDM2M2JjN2M0YzAiOnsiY3JlYXRlIjoxODAwMDAwMDAwMDAwLCJkZWxldGUiOjE4MDAwMDAwMDAwMDAsInJlYWQiOjMwMDAwMDAwMDAwMCwidXBkYXRlIjoxODAwMDAwMDAwMDAwfX0=",
          "dependencies": [
            "azurerm_key_vault.key-vault",
            "azurerm_resource_group.RG",
            "data.azurerm_client_config.terraform"
          ]
        }
      ]
    },
    {
      "mode": "managed",
      "type": "azurerm_key_vault_secret",
      "name": "secrets-username",
      "provider": "provider[\"registry.terraform.io/hashicorp/azurerm\"]",
      "instances": [
        {
          "index_key": 0,
          "schema_version": 0,
          "attributes": {
            "content_type": "",
            "expiration_date": null,
            "id": "https://apoorv0099.vault.azure.net/secrets/window-vm-user-name/3de80eb3d8614abd806d2bcc1b5aab77",
            "key_vault_id": "/subscriptions/8a21611a-c5d3-4127-a0e2-be72ad32026d/resourceGroups/apoorv-rg/providers/Microsoft.KeyVault/vaults/apoorv0099",
            "name": "window-vm-user-name",
            "not_before_date": null,
            "tags": null,
            "timeouts": null,
            "value": "testuser",
            "version": "3de80eb3d8614abd806d2bcc1b5aab77",
            "versionless_id": "https://apoorv0099.vault.azure.net/secrets/window-vm-user-name"
          },
          "sensitive_attributes": [],
          "private": "eyJlMmJmYjczMC1lY2FhLTExZTYtOGY4OC0zNDM2M2JjN2M0YzAiOnsiY3JlYXRlIjoxODAwMDAwMDAwMDAwLCJkZWxldGUiOjE4MDAwMDAwMDAwMDAsInJlYWQiOjMwMDAwMDAwMDAwMCwidXBkYXRlIjoxODAwMDAwMDAwMDAwfX0=",
          "dependencies": [
            "azurerm_key_vault.key-vault",
            "azurerm_resource_group.RG",
            "data.azurerm_client_config.terraform"
          ]
        },
        {
          "index_key": 1,
          "schema_version": 0,
          "attributes": {
            "content_type": "",
            "expiration_date": null,
            "id": "https://boss4422.vault.azure.net/secrets/linux-vm-user-name/69b5ca9081344046b987c46ef624abcf",
            "key_vault_id": "/subscriptions/8a21611a-c5d3-4127-a0e2-be72ad32026d/resourceGroups/apoorv-rg/providers/Microsoft.KeyVault/vaults/boss4422",
            "name": "linux-vm-user-name",
            "not_before_date": null,
            "tags": null,
            "timeouts": null,
            "value": "testuser",
            "version": "69b5ca9081344046b987c46ef624abcf",
            "versionless_id": "https://boss4422.vault.azure.net/secrets/linux-vm-user-name"
          },
          "sensitive_attributes": [],
          "private": "eyJlMmJmYjczMC1lY2FhLTExZTYtOGY4OC0zNDM2M2JjN2M0YzAiOnsiY3JlYXRlIjoxODAwMDAwMDAwMDAwLCJkZWxldGUiOjE4MDAwMDAwMDAwMDAsInJlYWQiOjMwMDAwMDAwMDAwMCwidXBkYXRlIjoxODAwMDAwMDAwMDAwfX0=",
          "dependencies": [
            "azurerm_key_vault.key-vault",
            "azurerm_resource_group.RG",
            "data.azurerm_client_config.terraform"
          ]
        }
      ]
    },
    {
      "mode": "managed",
      "type": "azurerm_network_interface",
      "name": "Nic",
      "provider": "provider[\"registry.terraform.io/hashicorp/azurerm\"]",
      "instances": [
        {
          "schema_version": 0,
          "attributes": {
            "applied_dns_servers": [],
            "dns_servers": [],
            "edge_zone": "",
            "enable_accelerated_networking": false,
            "enable_ip_forwarding": false,
            "id": "/subscriptions/8a21611a-c5d3-4127-a0e2-be72ad32026d/resourceGroups/apoorv-rg/providers/Microsoft.Network/networkInterfaces/onprem-vm-nic",
            "internal_dns_name_label": "",
            "internal_domain_name_suffix": "ibsxkgbv5t4utaakyfawehpmkf.bx.internal.cloudapp.net",
            "ip_configuration": [
              {
                "gateway_load_balancer_frontend_ip_configuration_id": "",
                "name": "internal",
                "primary": true,
                "private_ip_address": "10.1.1.4",
                "private_ip_address_allocation": "Dynamic",
                "private_ip_address_version": "IPv4",
                "public_ip_address_id": "/subscriptions/8a21611a-c5d3-4127-a0e2-be72ad32026d/resourceGroups/apoorv-rg/providers/Microsoft.Network/publicIPAddresses/onprem-vm-public-IP",
                "subnet_id": "/subscriptions/8a21611a-c5d3-4127-a0e2-be72ad32026d/resourceGroups/apoorv-rg/providers/Microsoft.Network/virtualNetworks/onprem_vnet/subnets/Subnet-A"
              }
            ],
            "location": "eastus",
            "mac_address": "",
            "name": "onprem-vm-nic",
            "private_ip_address": "10.1.1.4",
            "private_ip_addresses": [
              "10.1.1.4"
            ],
            "resource_group_name": "apoorv-rg",
            "tags": {
              "environment": "test"
            },
            "timeouts": null,
            "virtual_machine_id": ""
          },
          "sensitive_attributes": [],
          "private": "eyJlMmJmYjczMC1lY2FhLTExZTYtOGY4OC0zNDM2M2JjN2M0YzAiOnsiY3JlYXRlIjoxODAwMDAwMDAwMDAwLCJkZWxldGUiOjE4MDAwMDAwMDAwMDAsInJlYWQiOjMwMDAwMDAwMDAwMCwidXBkYXRlIjoxODAwMDAwMDAwMDAwfX0=",
          "dependencies": [
            "azurerm_public_ip.publicIP",
            "azurerm_resource_group.RG",
            "azurerm_subnet.subnet",
            "azurerm_virtual_network.Vnet"
          ]
        }
      ]
    },
    {
      "mode": "managed",
      "type": "azurerm_network_security_group",
      "name": "NSG",
      "provider": "provider[\"registry.terraform.io/hashicorp/azurerm\"]",
      "instances": [
        {
          "schema_version": 0,
          "attributes": {
            "id": "/subscriptions/8a21611a-c5d3-4127-a0e2-be72ad32026d/resourceGroups/apoorv-rg/providers/Microsoft.Network/networkSecurityGroups/Nsg-1",
            "location": "eastus",
            "name": "Nsg-1",
            "resource_group_name": "apoorv-rg",
            "security_rule": [
              {
                "access": "Allow",
                "description": "",
                "destination_address_prefix": "*",
                "destination_address_prefixes": [],
                "destination_application_security_group_ids": [],
                "destination_port_range": "3389",
                "destination_port_ranges": [],
                "direction": "Inbound",
                "name": "RDP",
                "priority": 500,
                "protocol": "Tcp",
                "source_address_prefix": "*",
                "source_address_prefixes": [],
                "source_application_security_group_ids": [],
                "source_port_range": "*",
                "source_port_ranges": []
              }
            ],
            "tags": {
              "environment": "test"
            },
            "timeouts": null
          },
          "sensitive_attributes": [],
          "private": "eyJlMmJmYjczMC1lY2FhLTExZTYtOGY4OC0zNDM2M2JjN2M0YzAiOnsiY3JlYXRlIjoxODAwMDAwMDAwMDAwLCJkZWxldGUiOjE4MDAwMDAwMDAwMDAsInJlYWQiOjMwMDAwMDAwMDAwMCwidXBkYXRlIjoxODAwMDAwMDAwMDAwfX0=",
          "dependencies": [
            "azurerm_resource_group.RG"
          ]
        }
      ]
    },
    {
      "mode": "managed",
      "type": "azurerm_public_ip",
      "name": "publicIP",
      "provider": "provider[\"registry.terraform.io/hashicorp/azurerm\"]",
      "instances": [
        {
          "schema_version": 0,
          "attributes": {
            "allocation_method": "Dynamic",
            "domain_name_label": null,
            "edge_zone": "",
            "fqdn": null,
            "id": "/subscriptions/8a21611a-c5d3-4127-a0e2-be72ad32026d/resourceGroups/apoorv-rg/providers/Microsoft.Network/publicIPAddresses/onprem-vm-public-IP",
            "idle_timeout_in_minutes": 4,
            "ip_address": "",
            "ip_tags": null,
            "ip_version": "IPv4",
            "location": "eastus",
            "name": "onprem-vm-public-IP",
            "public_ip_prefix_id": null,
            "resource_group_name": "apoorv-rg",
            "reverse_fqdn": null,
            "sku": "Basic",
            "sku_tier": "Regional",
            "tags": {
              "environment": "test"
            },
            "timeouts": null,
            "zones": null
          },
          "sensitive_attributes": [],
          "private": "eyJlMmJmYjczMC1lY2FhLTExZTYtOGY4OC0zNDM2M2JjN2M0YzAiOnsiY3JlYXRlIjoxODAwMDAwMDAwMDAwLCJkZWxldGUiOjE4MDAwMDAwMDAwMDAsInJlYWQiOjMwMDAwMDAwMDAwMCwidXBkYXRlIjoxODAwMDAwMDAwMDAwfX0=",
          "dependencies": [
            "azurerm_resource_group.RG"
          ]
        }
      ]
    },
    {
      "mode": "managed",
      "type": "azurerm_resource_group",
      "name": "RG",
      "provider": "provider[\"registry.terraform.io/hashicorp/azurerm\"]",
      "instances": [
        {
          "schema_version": 0,
          "attributes": {
            "id": "/subscriptions/8a21611a-c5d3-4127-a0e2-be72ad32026d/resourceGroups/apoorv-rg",
            "location": "eastus",
            "name": "apoorv-rg",
            "tags": {
              "environment": "test"
            },
            "timeouts": null
          },
          "sensitive_attributes": [],
          "private": "eyJlMmJmYjczMC1lY2FhLTExZTYtOGY4OC0zNDM2M2JjN2M0YzAiOnsiY3JlYXRlIjo1NDAwMDAwMDAwMDAwLCJkZWxldGUiOjU0MDAwMDAwMDAwMDAsInJlYWQiOjMwMDAwMDAwMDAwMCwidXBkYXRlIjo1NDAwMDAwMDAwMDAwfX0="
        }
      ]
    },
    {
      "mode": "managed",
      "type": "azurerm_subnet",
      "name": "subnet",
      "provider": "provider[\"registry.terraform.io/hashicorp/azurerm\"]",
      "instances": [
        {
          "schema_version": 0,
          "attributes": {
            "address_prefixes": [
              "10.1.1.0/24"
            ],
            "delegation": [],
            "enforce_private_link_endpoint_network_policies": false,
            "enforce_private_link_service_network_policies": false,
            "id": "/subscriptions/8a21611a-c5d3-4127-a0e2-be72ad32026d/resourceGroups/apoorv-rg/providers/Microsoft.Network/virtualNetworks/onprem_vnet/subnets/Subnet-A",
            "name": "Subnet-A",
            "resource_group_name": "apoorv-rg",
            "service_endpoint_policy_ids": null,
            "service_endpoints": null,
            "timeouts": null,
            "virtual_network_name": "onprem_vnet"
          },
          "sensitive_attributes": [],
          "private": "eyJlMmJmYjczMC1lY2FhLTExZTYtOGY4OC0zNDM2M2JjN2M0YzAiOnsiY3JlYXRlIjoxODAwMDAwMDAwMDAwLCJkZWxldGUiOjE4MDAwMDAwMDAwMDAsInJlYWQiOjMwMDAwMDAwMDAwMCwidXBkYXRlIjoxODAwMDAwMDAwMDAwfX0=",
          "dependencies": [
            "azurerm_resource_group.RG",
            "azurerm_virtual_network.Vnet"
          ]
        }
      ]
    },
    {
      "mode": "managed",
      "type": "azurerm_subnet_network_security_group_association",
      "name": "assignNsg",
      "provider": "provider[\"registry.terraform.io/hashicorp/azurerm\"]",
      "instances": [
        {
          "schema_version": 0,
          "attributes": {
            "id": "/subscriptions/8a21611a-c5d3-4127-a0e2-be72ad32026d/resourceGroups/apoorv-rg/providers/Microsoft.Network/virtualNetworks/onprem_vnet/subnets/Subnet-A",
            "network_security_group_id": "/subscriptions/8a21611a-c5d3-4127-a0e2-be72ad32026d/resourceGroups/apoorv-rg/providers/Microsoft.Network/networkSecurityGroups/Nsg-1",
            "subnet_id": "/subscriptions/8a21611a-c5d3-4127-a0e2-be72ad32026d/resourceGroups/apoorv-rg/providers/Microsoft.Network/virtualNetworks/onprem_vnet/subnets/Subnet-A",
            "timeouts": null
          },
          "sensitive_attributes": [],
          "private": "eyJlMmJmYjczMC1lY2FhLTExZTYtOGY4OC0zNDM2M2JjN2M0YzAiOnsiY3JlYXRlIjoxODAwMDAwMDAwMDAwLCJkZWxldGUiOjE4MDAwMDAwMDAwMDAsInJlYWQiOjMwMDAwMDAwMDAwMCwidXBkYXRlIjoxODAwMDAwMDAwMDAwfX0=",
          "dependencies": [
            "azurerm_network_security_group.NSG",
            "azurerm_resource_group.RG",
            "azurerm_subnet.subnet",
            "azurerm_virtual_network.Vnet"
          ]
        }
      ]
    },
    {
      "mode": "managed",
      "type": "azurerm_virtual_network",
      "name": "Vnet",
      "provider": "provider[\"registry.terraform.io/hashicorp/azurerm\"]",
      "instances": [
        {
          "schema_version": 0,
          "attributes": {
            "address_space": [
              "10.1.0.0/16"
            ],
            "bgp_community": "",
            "ddos_protection_plan": [],
            "dns_servers": [],
            "edge_zone": "",
            "flow_timeout_in_minutes": 0,
            "guid": "18756540-fc35-49fd-800a-c141621dec55",
            "id": "/subscriptions/8a21611a-c5d3-4127-a0e2-be72ad32026d/resourceGroups/apoorv-rg/providers/Microsoft.Network/virtualNetworks/onprem_vnet",
            "location": "eastus",
            "name": "onprem_vnet",
            "resource_group_name": "apoorv-rg",
            "subnet": [],
            "tags": {
              "environment": "test"
            },
            "timeouts": null
          },
          "sensitive_attributes": [],
          "private": "eyJlMmJmYjczMC1lY2FhLTExZTYtOGY4OC0zNDM2M2JjN2M0YzAiOnsiY3JlYXRlIjoxODAwMDAwMDAwMDAwLCJkZWxldGUiOjE4MDAwMDAwMDAwMDAsInJlYWQiOjMwMDAwMDAwMDAwMCwidXBkYXRlIjoxODAwMDAwMDAwMDAwfX0=",
          "dependencies": [
            "azurerm_resource_group.RG"
          ]
        }
      ]
    },
    {
      "mode": "managed",
      "type": "azurerm_windows_virtual_machine",
      "name": "Vm",
      "provider": "provider[\"registry.terraform.io/hashicorp/azurerm\"]",
      "instances": [
        {
          "schema_version": 0,
          "attributes": {
            "additional_capabilities": [],
            "additional_unattend_content": [],
            "admin_password": "Password@123",
            "admin_username": "testuser",
            "allow_extension_operations": true,
            "availability_set_id": "",
            "boot_diagnostics": [],
            "computer_name": "onprem-vm",
            "custom_data": null,
            "dedicated_host_group_id": "",
            "dedicated_host_id": "",
            "edge_zone": "",
            "enable_automatic_updates": true,
            "encryption_at_host_enabled": false,
            "eviction_policy": "",
            "extensions_time_budget": "PT1H30M",
            "hotpatching_enabled": false,
            "id": "/subscriptions/8a21611a-c5d3-4127-a0e2-be72ad32026d/resourceGroups/apoorv-rg/providers/Microsoft.Compute/virtualMachines/onprem-vm",
            "identity": [],
            "license_type": "",
            "location": "eastus",
            "max_bid_price": -1,
            "name": "onprem-vm",
            "network_interface_ids": [
              "/subscriptions/8a21611a-c5d3-4127-a0e2-be72ad32026d/resourceGroups/apoorv-rg/providers/Microsoft.Network/networkInterfaces/onprem-vm-nic"
            ],
            "os_disk": [
              {
                "caching": "ReadWrite",
                "diff_disk_settings": [],
                "disk_encryption_set_id": "",
                "disk_size_gb": 127,
                "name": "onprem-vm_OsDisk_1_e96326637fb44e3299bbbcf8841c0409",
                "storage_account_type": "Standard_LRS",
                "write_accelerator_enabled": false
              }
            ],
            "patch_mode": "AutomaticByOS",
            "plan": [],
            "platform_fault_domain": -1,
            "priority": "Regular",
            "private_ip_address": "10.1.1.4",
            "private_ip_addresses": [
              "10.1.1.4"
            ],
            "provision_vm_agent": true,
            "proximity_placement_group_id": "",
            "public_ip_address": "20.185.47.34",
            "public_ip_addresses": [
              "20.185.47.34"
            ],
            "resource_group_name": "apoorv-rg",
            "secret": [],
            "secure_boot_enabled": false,
            "size": "Standard_F2",
            "source_image_id": "",
            "source_image_reference": [
              {
                "offer": "WindowsServer",
                "publisher": "MicrosoftWindowsServer",
                "sku": "2019-Datacenter",
                "version": "latest"
              }
            ],
            "tags": {
              "environment": "test"
            },
            "termination_notification": null,
            "timeouts": null,
            "timezone": "",
            "user_data": "",
            "virtual_machine_id": "eb592ecb-916d-4e8a-b03b-0d0ce79d21d3",
            "virtual_machine_scale_set_id": "",
            "vtpm_enabled": false,
            "winrm_listener": [],
            "zone": ""
          },
          "sensitive_attributes": [
            [
              {
                "type": "get_attr",
                "value": "admin_password"
              }
            ],
            [
              {
                "type": "get_attr",
                "value": "admin_username"
              }
            ]
          ],
          "private": "eyJlMmJmYjczMC1lY2FhLTExZTYtOGY4OC0zNDM2M2JjN2M0YzAiOnsiY3JlYXRlIjoyNzAwMDAwMDAwMDAwLCJkZWxldGUiOjI3MDAwMDAwMDAwMDAsInJlYWQiOjMwMDAwMDAwMDAwMCwidXBkYXRlIjoyNzAwMDAwMDAwMDAwfX0=",
          "dependencies": [
            "azurerm_key_vault.key-vault",
            "azurerm_key_vault_secret.secrets-password",
            "azurerm_key_vault_secret.secrets-username",
            "azurerm_network_interface.Nic",
            "azurerm_public_ip.publicIP",
            "azurerm_resource_group.RG",
            "azurerm_subnet.subnet",
            "azurerm_virtual_network.Vnet",
            "data.azurerm_client_config.terraform"
          ]
        }
      ]
    }
  ],
  "check_results": null
}
