{
  "version": 4,
  "terraform_version": "1.3.7",
  "serial": 19,
  "lineage": "592e04dc-74a5-7863-e8eb-86a1b9d148d0",
  "outputs": {},
  "resources": [
    {
      "mode": "managed",
      "type": "azurerm_resource_group",
      "name": "RG",
      "provider": "provider[\"registry.terraform.io/hashicorp/azurerm\"]",
      "instances": [
        {
          "schema_version": 0,
          "attributes": {
            "id": "/subscriptions/8a21611a-c5d3-4127-a0e2-be72ad32026d/resourceGroups/onprem-rg",
            "location": "eastus",
            "name": "onprem-rg",
            "tags": {
              "environment": "test"
            },
            "timeouts": null
          },
          "sensitive_attributes": [],
          "private": "eyJlMmJmYjczMC1lY2FhLTExZTYtOGY4OC0zNDM2M2JjN2M0YzAiOnsiY3JlYXRlIjo1NDAwMDAwMDAwMDAwLCJkZWxldGUiOjU0MDAwMDAwMDAwMDAsInJlYWQiOjMwMDAwMDAwMDAwMCwidXBkYXRlIjo1NDAwMDAwMDAwMDAwfX0="
        }
      ]
    },
    {
      "mode": "managed",
      "type": "azurerm_storage_account",
      "name": "storage-account",
      "provider": "provider[\"registry.terraform.io/hashicorp/azurerm\"]",
      "instances": [
        {
          "schema_version": 3,
          "attributes": {
            "access_tier": "Hot",
            "account_kind": "StorageV2",
            "account_replication_type": "LRS",
            "account_tier": "Standard",
            "allow_nested_items_to_be_public": true,
            "azure_files_authentication": [],
            "blob_properties": [
              {
                "change_feed_enabled": false,
                "change_feed_retention_in_days": 0,
                "container_delete_retention_policy": [],
                "cors_rule": [],
                "default_service_version": "",
                "delete_retention_policy": [],
                "last_access_time_enabled": false,
                "versioning_enabled": false
              }
            ],
            "cross_tenant_replication_enabled": true,
            "custom_domain": [],
            "customer_managed_key": [],
            "default_to_oauth_authentication": false,
            "edge_zone": "",
            "enable_https_traffic_only": true,
            "id": "/subscriptions/8a21611a-c5d3-4127-a0e2-be72ad32026d/resourceGroups/onprem-rg/providers/Microsoft.Storage/storageAccounts/apoorv3344store",
            "identity": [],
            "infrastructure_encryption_enabled": false,
            "is_hns_enabled": true,
            "large_file_share_enabled": null,
            "location": "eastus",
            "min_tls_version": "TLS1_2",
            "name": "apoorv3344store",
            "network_rules": [
              {
                "bypass": [
                  "AzureServices"
                ],
                "default_action": "Allow",
                "ip_rules": [],
                "private_link_access": [],
                "virtual_network_subnet_ids": []
              }
            ],
            "nfsv3_enabled": false,
            "primary_access_key": "WGrSLPaxXPkotooLiZk+qdsi1J+MVmX0olv0YrCsVkjSj7zqPU7hHCoOFBsucNzrdVLO03wTmJVq+AStlEujUQ==",
            "primary_blob_connection_string": "DefaultEndpointsProtocol=https;BlobEndpoint=https://apoorv3344store.blob.core.windows.net/;AccountName=apoorv3344store;AccountKey=WGrSLPaxXPkotooLiZk+qdsi1J+MVmX0olv0YrCsVkjSj7zqPU7hHCoOFBsucNzrdVLO03wTmJVq+AStlEujUQ==",
            "primary_blob_endpoint": "https://apoorv3344store.blob.core.windows.net/",
            "primary_blob_host": "apoorv3344store.blob.core.windows.net",
            "primary_connection_string": "DefaultEndpointsProtocol=https;AccountName=apoorv3344store;AccountKey=WGrSLPaxXPkotooLiZk+qdsi1J+MVmX0olv0YrCsVkjSj7zqPU7hHCoOFBsucNzrdVLO03wTmJVq+AStlEujUQ==;EndpointSuffix=core.windows.net",
            "primary_dfs_endpoint": "https://apoorv3344store.dfs.core.windows.net/",
            "primary_dfs_host": "apoorv3344store.dfs.core.windows.net",
            "primary_file_endpoint": "https://apoorv3344store.file.core.windows.net/",
            "primary_file_host": "apoorv3344store.file.core.windows.net",
            "primary_location": "eastus",
            "primary_queue_endpoint": "https://apoorv3344store.queue.core.windows.net/",
            "primary_queue_host": "apoorv3344store.queue.core.windows.net",
            "primary_table_endpoint": "https://apoorv3344store.table.core.windows.net/",
            "primary_table_host": "apoorv3344store.table.core.windows.net",
            "primary_web_endpoint": "https://apoorv3344store.z13.web.core.windows.net/",
            "primary_web_host": "apoorv3344store.z13.web.core.windows.net",
            "public_network_access_enabled": true,
            "queue_encryption_key_type": "Service",
            "queue_properties": [
              {
                "cors_rule": [],
                "hour_metrics": [
                  {
                    "enabled": true,
                    "include_apis": true,
                    "retention_policy_days": 7,
                    "version": "1.0"
                  }
                ],
                "logging": [
                  {
                    "delete": false,
                    "read": false,
                    "retention_policy_days": 0,
                    "version": "1.0",
                    "write": false
                  }
                ],
                "minute_metrics": [
                  {
                    "enabled": false,
                    "include_apis": false,
                    "retention_policy_days": 0,
                    "version": "1.0"
                  }
                ]
              }
            ],
            "resource_group_name": "onprem-rg",
            "routing": [],
            "secondary_access_key": "awifFH29jsHLRtOVW6YmTLAaKRnacvdaFgmXPyRQR/isFypa+je0e3LfwwXHHtNwb/IPhj5M07VA+AStZ85Syg==",
            "secondary_blob_connection_string": "",
            "secondary_blob_endpoint": null,
            "secondary_blob_host": null,
            "secondary_connection_string": "DefaultEndpointsProtocol=https;AccountName=apoorv3344store;AccountKey=awifFH29jsHLRtOVW6YmTLAaKRnacvdaFgmXPyRQR/isFypa+je0e3LfwwXHHtNwb/IPhj5M07VA+AStZ85Syg==;EndpointSuffix=core.windows.net",
            "secondary_dfs_endpoint": null,
            "secondary_dfs_host": null,
            "secondary_file_endpoint": null,
            "secondary_file_host": null,
            "secondary_location": "",
            "secondary_queue_endpoint": null,
            "secondary_queue_host": null,
            "secondary_table_endpoint": null,
            "secondary_table_host": null,
            "secondary_web_endpoint": null,
            "secondary_web_host": null,
            "share_properties": [
              {
                "cors_rule": [],
                "retention_policy": [
                  {
                    "days": 7
                  }
                ],
                "smb": []
              }
            ],
            "shared_access_key_enabled": true,
            "static_website": [],
            "table_encryption_key_type": "Service",
            "tags": {
              "environment": "test"
            },
            "timeouts": null
          },
          "sensitive_attributes": [],
          "private": "eyJlMmJmYjczMC1lY2FhLTExZTYtOGY4OC0zNDM2M2JjN2M0YzAiOnsiY3JlYXRlIjozNjAwMDAwMDAwMDAwLCJkZWxldGUiOjM2MDAwMDAwMDAwMDAsInJlYWQiOjMwMDAwMDAwMDAwMCwidXBkYXRlIjozNjAwMDAwMDAwMDAwfSwic2NoZW1hX3ZlcnNpb24iOiIzIn0=",
          "dependencies": [
            "azurerm_resource_group.RG"
          ]
        }
      ]
    },
    {
      "mode": "managed",
      "type": "azurerm_storage_container",
      "name": "blob",
      "provider": "provider[\"registry.terraform.io/hashicorp/azurerm\"]",
      "instances": [
        {
          "index_key": 0,
          "schema_version": 1,
          "attributes": {
            "container_access_type": "private",
            "has_immutability_policy": false,
            "has_legal_hold": false,
            "id": "https://apoorv3344store.blob.core.windows.net/data",
            "metadata": {},
            "name": "data",
            "resource_manager_id": "/subscriptions/8a21611a-c5d3-4127-a0e2-be72ad32026d/resourceGroups/onprem-rg/providers/Microsoft.Storage/storageAccounts/apoorv3344store/blobServices/default/containers/data",
            "storage_account_name": "apoorv3344store",
            "timeouts": null
          },
          "sensitive_attributes": [],
          "private": "eyJlMmJmYjczMC1lY2FhLTExZTYtOGY4OC0zNDM2M2JjN2M0YzAiOnsiY3JlYXRlIjoxODAwMDAwMDAwMDAwLCJkZWxldGUiOjE4MDAwMDAwMDAwMDAsInJlYWQiOjMwMDAwMDAwMDAwMCwidXBkYXRlIjoxODAwMDAwMDAwMDAwfSwic2NoZW1hX3ZlcnNpb24iOiIxIn0=",
          "dependencies": [
            "azurerm_storage_account.storage-account"
          ]
        },
        {
          "index_key": 1,
          "schema_version": 1,
          "attributes": {
            "container_access_type": "container",
            "has_immutability_policy": false,
            "has_legal_hold": false,
            "id": "https://apoorv3344store.blob.core.windows.net/image",
            "metadata": {},
            "name": "image",
            "resource_manager_id": "/subscriptions/8a21611a-c5d3-4127-a0e2-be72ad32026d/resourceGroups/onprem-rg/providers/Microsoft.Storage/storageAccounts/apoorv3344store/blobServices/default/containers/image",
            "storage_account_name": "apoorv3344store",
            "timeouts": null
          },
          "sensitive_attributes": [],
          "private": "eyJlMmJmYjczMC1lY2FhLTExZTYtOGY4OC0zNDM2M2JjN2M0YzAiOnsiY3JlYXRlIjoxODAwMDAwMDAwMDAwLCJkZWxldGUiOjE4MDAwMDAwMDAwMDAsInJlYWQiOjMwMDAwMDAwMDAwMCwidXBkYXRlIjoxODAwMDAwMDAwMDAwfSwic2NoZW1hX3ZlcnNpb24iOiIxIn0=",
          "dependencies": [
            "azurerm_resource_group.RG",
            "azurerm_storage_account.storage-account"
          ]
        }
      ]
    }
  ],
  "check_results": null
}
