{
  "version": 4,
  "terraform_version": "1.3.7",
  "serial": 11,
  "lineage": "15966b78-df01-798d-8f13-b8552f77919a",
  "outputs": {},
  "resources": [
    {
      "mode": "managed",
      "type": "azurerm_data_factory",
      "name": "adf",
      "provider": "provider[\"registry.terraform.io/hashicorp/azurerm\"]",
      "instances": [
        {
          "index_key": 0,
          "schema_version": 2,
          "attributes": {
            "customer_managed_key_id": "",
            "customer_managed_key_identity_id": "",
            "github_configuration": [],
            "global_parameter": [],
            "id": "/subscriptions/8a21611a-c5d3-4127-a0e2-be72ad32026d/resourceGroups/onprem-rg/providers/Microsoft.DataFactory/factories/apoorv-data-fac",
            "identity": [],
            "location": "eastus",
            "managed_virtual_network_enabled": false,
            "name": "apoorv-data-fac",
            "public_network_enabled": false,
            "purview_id": null,
            "resource_group_name": "onprem-rg",
            "tags": {
              "environment": "test"
            },
            "timeouts": null,
            "vsts_configuration": []
          },
          "sensitive_attributes": [],
          "private": "eyJlMmJmYjczMC1lY2FhLTExZTYtOGY4OC0zNDM2M2JjN2M0YzAiOnsiY3JlYXRlIjoxODAwMDAwMDAwMDAwLCJkZWxldGUiOjE4MDAwMDAwMDAwMDAsInJlYWQiOjMwMDAwMDAwMDAwMCwidXBkYXRlIjoxODAwMDAwMDAwMDAwfSwic2NoZW1hX3ZlcnNpb24iOiIyIn0=",
          "dependencies": [
            "azurerm_resource_group.RG"
          ]
        },
        {
          "index_key": 1,
          "schema_version": 2,
          "attributes": {
            "customer_managed_key_id": "",
            "customer_managed_key_identity_id": "",
            "github_configuration": [],
            "global_parameter": [],
            "id": "/subscriptions/8a21611a-c5d3-4127-a0e2-be72ad32026d/resourceGroups/onprem-rg/providers/Microsoft.DataFactory/factories/onprem-data-fac",
            "identity": [],
            "location": "eastus",
            "managed_virtual_network_enabled": false,
            "name": "onprem-data-fac",
            "public_network_enabled": false,
            "purview_id": null,
            "resource_group_name": "onprem-rg",
            "tags": {
              "environment": "test"
            },
            "timeouts": null,
            "vsts_configuration": []
          },
          "sensitive_attributes": [],
          "private": "eyJlMmJmYjczMC1lY2FhLTExZTYtOGY4OC0zNDM2M2JjN2M0YzAiOnsiY3JlYXRlIjoxODAwMDAwMDAwMDAwLCJkZWxldGUiOjE4MDAwMDAwMDAwMDAsInJlYWQiOjMwMDAwMDAwMDAwMCwidXBkYXRlIjoxODAwMDAwMDAwMDAwfSwic2NoZW1hX3ZlcnNpb24iOiIyIn0=",
          "dependencies": [
            "azurerm_resource_group.RG"
          ]
        }
      ]
    },
    {
      "mode": "managed",
      "type": "azurerm_private_dns_zone",
      "name": "adf-dns-zone",
      "provider": "provider[\"registry.terraform.io/hashicorp/azurerm\"]",
      "instances": [
        {
          "schema_version": 0,
          "attributes": {
            "id": "/subscriptions/8a21611a-c5d3-4127-a0e2-be72ad32026d/resourceGroups/onprem-rg/providers/Microsoft.Network/privateDnsZones/privatelink.datafactory.azure.net",
            "max_number_of_record_sets": 25000,
            "max_number_of_virtual_network_links": 1000,
            "max_number_of_virtual_network_links_with_registration": 100,
            "name": "privatelink.datafactory.azure.net",
            "number_of_record_sets": 1,
            "resource_group_name": "onprem-rg",
            "soa_record": [
              {
                "email": "azureprivatedns-host.microsoft.com",
                "expire_time": 2419200,
                "fqdn": "privatelink.datafactory.azure.net.",
                "host_name": "azureprivatedns.net",
                "minimum_ttl": 10,
                "refresh_time": 3600,
                "retry_time": 300,
                "serial_number": 1,
                "tags": {},
                "ttl": 3600
              }
            ],
            "tags": {
              "environment": "test"
            },
            "timeouts": null
          },
          "sensitive_attributes": [],
          "private": "eyJlMmJmYjczMC1lY2FhLTExZTYtOGY4OC0zNDM2M2JjN2M0YzAiOnsiY3JlYXRlIjoxODAwMDAwMDAwMDAwLCJkZWxldGUiOjE4MDAwMDAwMDAwMDAsInJlYWQiOjMwMDAwMDAwMDAwMCwidXBkYXRlIjoxODAwMDAwMDAwMDAwfX0=",
          "dependencies": [
            "azurerm_resource_group.RG"
          ]
        }
      ]
    },
    {
      "mode": "managed",
      "type": "azurerm_private_dns_zone_virtual_network_link",
      "name": "adf-link",
      "provider": "provider[\"registry.terraform.io/hashicorp/azurerm\"]",
      "instances": [
        {
          "schema_version": 0,
          "attributes": {
            "id": "/subscriptions/8a21611a-c5d3-4127-a0e2-be72ad32026d/resourceGroups/onprem-rg/providers/Microsoft.Network/privateDnsZones/privatelink.datafactory.azure.net/virtualNetworkLinks/privatelink.datafactory.azure.net",
            "name": "privatelink.datafactory.azure.net",
            "private_dns_zone_name": "privatelink.datafactory.azure.net",
            "registration_enabled": false,
            "resource_group_name": "onprem-rg",
            "tags": null,
            "timeouts": null,
            "virtual_network_id": "/subscriptions/8a21611a-c5d3-4127-a0e2-be72ad32026d/resourceGroups/onprem-rg/providers/Microsoft.Network/virtualNetworks/onprem_vnet"
          },
          "sensitive_attributes": [],
          "private": "eyJlMmJmYjczMC1lY2FhLTExZTYtOGY4OC0zNDM2M2JjN2M0YzAiOnsiY3JlYXRlIjoxODAwMDAwMDAwMDAwLCJkZWxldGUiOjE4MDAwMDAwMDAwMDAsInJlYWQiOjMwMDAwMDAwMDAwMCwidXBkYXRlIjoxODAwMDAwMDAwMDAwfX0=",
          "dependencies": [
            "azurerm_private_dns_zone.adf-dns-zone",
            "azurerm_resource_group.RG",
            "azurerm_virtual_network.Vnet"
          ]
        }
      ]
    },
    {
      "mode": "managed",
      "type": "azurerm_private_endpoint",
      "name": "adf-private-endpoint",
      "provider": "provider[\"registry.terraform.io/hashicorp/azurerm\"]",
      "instances": [
        {
          "index_key": 0,
          "schema_version": 0,
          "attributes": {
            "custom_dns_configs": [],
            "id": "/subscriptions/8a21611a-c5d3-4127-a0e2-be72ad32026d/resourceGroups/onprem-rg/providers/Microsoft.Network/privateEndpoints/apoorv-adf-private-endpoint",
            "ip_configuration": [],
            "location": "eastus",
            "name": "apoorv-adf-private-endpoint",
            "network_interface": [
              {
                "id": "/subscriptions/8a21611a-c5d3-4127-a0e2-be72ad32026d/resourceGroups/onprem-rg/providers/Microsoft.Network/networkInterfaces/apoorv-adf-private-endpoint.nic.324e52e9-a770-4dcf-afad-fddb9e8692dd",
                "name": "apoorv-adf-private-endpoint.nic.324e52e9-a770-4dcf-afad-fddb9e8692dd"
              }
            ],
            "private_dns_zone_configs": [
              {
                "id": "/subscriptions/8a21611a-c5d3-4127-a0e2-be72ad32026d/resourceGroups/onprem-rg/providers/Microsoft.Network/privateEndpoints/apoorv-adf-private-endpoint/privateDnsZoneGroups/privatednszonegroup/privateDnsZoneConfigs/privatelink.datafactory.azure.net",
                "name": "privatelink.datafactory.azure.net",
                "private_dns_zone_id": "/subscriptions/8a21611a-c5d3-4127-a0e2-be72ad32026d/resourceGroups/onprem-rg/providers/Microsoft.Network/privateDnsZones/privatelink.datafactory.azure.net",
                "record_sets": [
                  {
                    "fqdn": "apoorv-data-fac.eastus.privatelink.datafactory.azure.net",
                    "ip_addresses": [
                      "10.1.1.4"
                    ],
                    "name": "apoorv-data-fac.eastus",
                    "ttl": 10,
                    "type": "A"
                  }
                ]
              }
            ],
            "private_dns_zone_group": [
              {
                "id": "/subscriptions/8a21611a-c5d3-4127-a0e2-be72ad32026d/resourceGroups/onprem-rg/providers/Microsoft.Network/privateEndpoints/apoorv-adf-private-endpoint/privateDnsZoneGroups/privatednszonegroup",
                "name": "privatednszonegroup",
                "private_dns_zone_ids": [
                  "/subscriptions/8a21611a-c5d3-4127-a0e2-be72ad32026d/resourceGroups/onprem-rg/providers/Microsoft.Network/privateDnsZones/privatelink.datafactory.azure.net"
                ]
              }
            ],
            "private_service_connection": [
              {
                "is_manual_connection": false,
                "name": "adf-connection",
                "private_connection_resource_alias": "",
                "private_connection_resource_id": "/subscriptions/8a21611a-c5d3-4127-a0e2-be72ad32026d/resourceGroups/onprem-rg/providers/Microsoft.DataFactory/factories/apoorv-data-fac",
                "private_ip_address": "10.1.1.4",
                "request_message": "",
                "subresource_names": [
                  "datafactory"
                ]
              }
            ],
            "resource_group_name": "onprem-rg",
            "subnet_id": "/subscriptions/8a21611a-c5d3-4127-a0e2-be72ad32026d/resourceGroups/onprem-rg/providers/Microsoft.Network/virtualNetworks/onprem_vnet/subnets/Subnet-A",
            "tags": null,
            "timeouts": null
          },
          "sensitive_attributes": [],
          "private": "eyJlMmJmYjczMC1lY2FhLTExZTYtOGY4OC0zNDM2M2JjN2M0YzAiOnsiY3JlYXRlIjozNjAwMDAwMDAwMDAwLCJkZWxldGUiOjM2MDAwMDAwMDAwMDAsInJlYWQiOjMwMDAwMDAwMDAwMCwidXBkYXRlIjozNjAwMDAwMDAwMDAwfX0=",
          "dependencies": [
            "azurerm_data_factory.adf",
            "azurerm_private_dns_zone.adf-dns-zone",
            "azurerm_resource_group.RG",
            "azurerm_subnet.subnet",
            "azurerm_virtual_network.Vnet"
          ]
        },
        {
          "index_key": 1,
          "schema_version": 0,
          "attributes": {
            "custom_dns_configs": [],
            "id": "/subscriptions/8a21611a-c5d3-4127-a0e2-be72ad32026d/resourceGroups/onprem-rg/providers/Microsoft.Network/privateEndpoints/onprem-adf-private-endpoint",
            "ip_configuration": [],
            "location": "eastus",
            "name": "onprem-adf-private-endpoint",
            "network_interface": [
              {
                "id": "/subscriptions/8a21611a-c5d3-4127-a0e2-be72ad32026d/resourceGroups/onprem-rg/providers/Microsoft.Network/networkInterfaces/onprem-adf-private-endpoint.nic.b8cad953-17ac-49ee-9a2d-35a6547bfd75",
                "name": "onprem-adf-private-endpoint.nic.b8cad953-17ac-49ee-9a2d-35a6547bfd75"
              }
            ],
            "private_dns_zone_configs": [
              {
                "id": "/subscriptions/8a21611a-c5d3-4127-a0e2-be72ad32026d/resourceGroups/onprem-rg/providers/Microsoft.Network/privateEndpoints/onprem-adf-private-endpoint/privateDnsZoneGroups/privatednszonegroup/privateDnsZoneConfigs/privatelink.datafactory.azure.net",
                "name": "privatelink.datafactory.azure.net",
                "private_dns_zone_id": "/subscriptions/8a21611a-c5d3-4127-a0e2-be72ad32026d/resourceGroups/onprem-rg/providers/Microsoft.Network/privateDnsZones/privatelink.datafactory.azure.net",
                "record_sets": [
                  {
                    "fqdn": "onprem-data-fac.eastus.privatelink.datafactory.azure.net",
                    "ip_addresses": [
                      "10.1.1.5"
                    ],
                    "name": "onprem-data-fac.eastus",
                    "ttl": 10,
                    "type": "A"
                  }
                ]
              }
            ],
            "private_dns_zone_group": [
              {
                "id": "/subscriptions/8a21611a-c5d3-4127-a0e2-be72ad32026d/resourceGroups/onprem-rg/providers/Microsoft.Network/privateEndpoints/onprem-adf-private-endpoint/privateDnsZoneGroups/privatednszonegroup",
                "name": "privatednszonegroup",
                "private_dns_zone_ids": [
                  "/subscriptions/8a21611a-c5d3-4127-a0e2-be72ad32026d/resourceGroups/onprem-rg/providers/Microsoft.Network/privateDnsZones/privatelink.datafactory.azure.net"
                ]
              }
            ],
            "private_service_connection": [
              {
                "is_manual_connection": false,
                "name": "adf-connection",
                "private_connection_resource_alias": "",
                "private_connection_resource_id": "/subscriptions/8a21611a-c5d3-4127-a0e2-be72ad32026d/resourceGroups/onprem-rg/providers/Microsoft.DataFactory/factories/onprem-data-fac",
                "private_ip_address": "10.1.1.5",
                "request_message": "",
                "subresource_names": [
                  "datafactory"
                ]
              }
            ],
            "resource_group_name": "onprem-rg",
            "subnet_id": "/subscriptions/8a21611a-c5d3-4127-a0e2-be72ad32026d/resourceGroups/onprem-rg/providers/Microsoft.Network/virtualNetworks/onprem_vnet/subnets/Subnet-A",
            "tags": null,
            "timeouts": null
          },
          "sensitive_attributes": [],
          "private": "eyJlMmJmYjczMC1lY2FhLTExZTYtOGY4OC0zNDM2M2JjN2M0YzAiOnsiY3JlYXRlIjozNjAwMDAwMDAwMDAwLCJkZWxldGUiOjM2MDAwMDAwMDAwMDAsInJlYWQiOjMwMDAwMDAwMDAwMCwidXBkYXRlIjozNjAwMDAwMDAwMDAwfX0=",
          "dependencies": [
            "azurerm_data_factory.adf",
            "azurerm_private_dns_zone.adf-dns-zone",
            "azurerm_resource_group.RG",
            "azurerm_subnet.subnet",
            "azurerm_virtual_network.Vnet"
          ]
        }
      ]
    },
    {
      "mode": "managed",
      "type": "azurerm_resource_group",
      "name": "RG",
      "provider": "provider[\"registry.terraform.io/hashicorp/azurerm\"]",
      "instances": [
        {
          "schema_version": 0,
          "attributes": {
            "id": "/subscriptions/8a21611a-c5d3-4127-a0e2-be72ad32026d/resourceGroups/onprem-rg",
            "location": "eastus",
            "name": "onprem-rg",
            "tags": {
              "environment": "test"
            },
            "timeouts": null
          },
          "sensitive_attributes": [],
          "private": "eyJlMmJmYjczMC1lY2FhLTExZTYtOGY4OC0zNDM2M2JjN2M0YzAiOnsiY3JlYXRlIjo1NDAwMDAwMDAwMDAwLCJkZWxldGUiOjU0MDAwMDAwMDAwMDAsInJlYWQiOjMwMDAwMDAwMDAwMCwidXBkYXRlIjo1NDAwMDAwMDAwMDAwfX0="
        }
      ]
    },
    {
      "mode": "managed",
      "type": "azurerm_subnet",
      "name": "subnet",
      "provider": "provider[\"registry.terraform.io/hashicorp/azurerm\"]",
      "instances": [
        {
          "schema_version": 0,
          "attributes": {
            "address_prefixes": [
              "10.1.1.0/24"
            ],
            "delegation": [],
            "enforce_private_link_endpoint_network_policies": false,
            "enforce_private_link_service_network_policies": false,
            "id": "/subscriptions/8a21611a-c5d3-4127-a0e2-be72ad32026d/resourceGroups/onprem-rg/providers/Microsoft.Network/virtualNetworks/onprem_vnet/subnets/Subnet-A",
            "name": "Subnet-A",
            "private_endpoint_network_policies_enabled": true,
            "private_link_service_network_policies_enabled": true,
            "resource_group_name": "onprem-rg",
            "service_endpoint_policy_ids": null,
            "service_endpoints": null,
            "timeouts": null,
            "virtual_network_name": "onprem_vnet"
          },
          "sensitive_attributes": [],
          "private": "eyJlMmJmYjczMC1lY2FhLTExZTYtOGY4OC0zNDM2M2JjN2M0YzAiOnsiY3JlYXRlIjoxODAwMDAwMDAwMDAwLCJkZWxldGUiOjE4MDAwMDAwMDAwMDAsInJlYWQiOjMwMDAwMDAwMDAwMCwidXBkYXRlIjoxODAwMDAwMDAwMDAwfX0=",
          "dependencies": [
            "azurerm_resource_group.RG",
            "azurerm_virtual_network.Vnet"
          ]
        }
      ]
    },
    {
      "mode": "managed",
      "type": "azurerm_virtual_network",
      "name": "Vnet",
      "provider": "provider[\"registry.terraform.io/hashicorp/azurerm\"]",
      "instances": [
        {
          "schema_version": 0,
          "attributes": {
            "address_space": [
              "10.1.0.0/16"
            ],
            "bgp_community": "",
            "ddos_protection_plan": [],
            "dns_servers": [],
            "edge_zone": "",
            "flow_timeout_in_minutes": 0,
            "guid": "5208399c-721c-4596-9897-0f4904a35ab5",
            "id": "/subscriptions/8a21611a-c5d3-4127-a0e2-be72ad32026d/resourceGroups/onprem-rg/providers/Microsoft.Network/virtualNetworks/onprem_vnet",
            "location": "eastus",
            "name": "onprem_vnet",
            "resource_group_name": "onprem-rg",
            "subnet": [],
            "tags": {
              "environment": "test"
            },
            "timeouts": null
          },
          "sensitive_attributes": [],
          "private": "eyJlMmJmYjczMC1lY2FhLTExZTYtOGY4OC0zNDM2M2JjN2M0YzAiOnsiY3JlYXRlIjoxODAwMDAwMDAwMDAwLCJkZWxldGUiOjE4MDAwMDAwMDAwMDAsInJlYWQiOjMwMDAwMDAwMDAwMCwidXBkYXRlIjoxODAwMDAwMDAwMDAwfX0=",
          "dependencies": [
            "azurerm_resource_group.RG"
          ]
        }
      ]
    }
  ],
  "check_results": null
}
