{
  "version": 4,
  "terraform_version": "1.3.7",
  "serial": 5,
  "lineage": "d248867f-84f9-15de-6b94-6d2edab45562",
  "outputs": {
    "file_system": {
      "value": "https://apoorv3300storage.file.core.windows.net/data",
      "type": "string"
    },
    "object_id": {
      "value": "03ef7bfa-d9ce-4f02-af11-47193ebab86d",
      "type": "string"
    },
    "password_secret_vaule": {
      "value": "Password@123",
      "type": "string",
      "sensitive": true
    },
    "tenant_id": {
      "value": "d18895cc-999c-43f0-acda-6b008393110a",
      "type": "string"
    },
    "username_secret_value": {
      "value": "testuser",
      "type": "string",
      "sensitive": true
    }
  },
  "resources": [
    {
      "mode": "data",
      "type": "azurerm_client_config",
      "name": "terraform",
      "provider": "provider[\"registry.terraform.io/hashicorp/azurerm\"]",
      "instances": [
        {
          "schema_version": 0,
          "attributes": {
            "client_id": "b73e92d6-2aa0-4c0a-af3d-14beacc772f2",
            "id": "2023-01-12 07:05:22.9951916 +0000 UTC",
            "object_id": "03ef7bfa-d9ce-4f02-af11-47193ebab86d",
            "subscription_id": "8a21611a-c5d3-4127-a0e2-be72ad32026d",
            "tenant_id": "d18895cc-999c-43f0-acda-6b008393110a",
            "timeouts": null
          },
          "sensitive_attributes": []
        }
      ]
    },
    {
      "mode": "data",
      "type": "azurerm_key_vault",
      "name": "existing-key-vault",
      "provider": "provider[\"registry.terraform.io/hashicorp/azurerm\"]",
      "instances": [
        {
          "schema_version": 0,
          "attributes": {
            "access_policy": [
              {
                "application_id": "",
                "certificate_permissions": [
                  "Get",
                  "List",
                  "Update",
                  "Create",
                  "Import",
                  "Delete",
                  "Recover",
                  "Backup",
                  "Restore",
                  "ManageContacts",
                  "ManageIssuers",
                  "GetIssuers",
                  "ListIssuers",
                  "SetIssuers",
                  "DeleteIssuers"
                ],
                "key_permissions": [
                  "Get",
                  "List",
                  "Update",
                  "Create",
                  "Import",
                  "Delete",
                  "Recover",
                  "Backup",
                  "Restore",
                  "GetRotationPolicy",
                  "SetRotationPolicy",
                  "Rotate"
                ],
                "object_id": "67fe9660-281d-4afc-8449-52ae9137bd00",
                "secret_permissions": [
                  "Get",
                  "List",
                  "Set",
                  "Delete",
                  "Recover",
                  "Backup",
                  "Restore"
                ],
                "storage_permissions": [],
                "tenant_id": "d18895cc-999c-43f0-acda-6b008393110a"
              },
              {
                "application_id": "",
                "certificate_permissions": [],
                "key_permissions": [],
                "object_id": "03ef7bfa-d9ce-4f02-af11-47193ebab86d",
                "secret_permissions": [
                  "Get",
                  "List",
                  "Get",
                  "List",
                  "Set",
                  "Delete",
                  "Recover",
                  "Backup",
                  "Restore"
                ],
                "storage_permissions": [],
                "tenant_id": "d18895cc-999c-43f0-acda-6b008393110a"
              }
            ],
            "enable_rbac_authorization": false,
            "enabled_for_deployment": false,
            "enabled_for_disk_encryption": false,
            "enabled_for_template_deployment": false,
            "id": "/subscriptions/8a21611a-c5d3-4127-a0e2-be72ad32026d/resourceGroups/apoorv-rg/providers/Microsoft.KeyVault/vaults/apoorvkey3344",
            "location": "eastus",
            "name": "apoorvkey3344",
            "network_acls": [],
            "public_network_access_enabled": true,
            "purge_protection_enabled": false,
            "resource_group_name": "apoorv-rg",
            "sku_name": "Standard",
            "tags": {},
            "tenant_id": "d18895cc-999c-43f0-acda-6b008393110a",
            "timeouts": null,
            "vault_uri": "https://apoorvkey3344.vault.azure.net/"
          },
          "sensitive_attributes": []
        }
      ]
    },
    {
      "mode": "data",
      "type": "azurerm_key_vault_secret",
      "name": "existing-key-vault-secrets-password",
      "provider": "provider[\"registry.terraform.io/hashicorp/azurerm\"]",
      "instances": [
        {
          "schema_version": 0,
          "attributes": {
            "content_type": "",
            "id": "https://apoorvkey3344.vault.azure.net/secrets/password/1e2199c80dc740389fcdf41010ff458a",
            "key_vault_id": "/subscriptions/8a21611a-c5d3-4127-a0e2-be72ad32026d/resourceGroups/apoorv-rg/providers/Microsoft.KeyVault/vaults/apoorvkey3344",
            "name": "password",
            "resource_id": "/subscriptions/8a21611a-c5d3-4127-a0e2-be72ad32026d/resourceGroups/apoorv-rg/providers/Microsoft.KeyVault/vaults/apoorvkey3344/secrets/password/versions/1e2199c80dc740389fcdf41010ff458a",
            "resource_versionless_id": "/subscriptions/8a21611a-c5d3-4127-a0e2-be72ad32026d/resourceGroups/apoorv-rg/providers/Microsoft.KeyVault/vaults/apoorvkey3344/secrets/password",
            "tags": {},
            "timeouts": null,
            "value": "Password@123",
            "version": "1e2199c80dc740389fcdf41010ff458a",
            "versionless_id": "https://apoorvkey3344.vault.azure.net/secrets/password"
          },
          "sensitive_attributes": []
        }
      ]
    },
    {
      "mode": "data",
      "type": "azurerm_key_vault_secret",
      "name": "existing-key-vault-secrets-username",
      "provider": "provider[\"registry.terraform.io/hashicorp/azurerm\"]",
      "instances": [
        {
          "schema_version": 0,
          "attributes": {
            "content_type": "",
            "id": "https://apoorvkey3344.vault.azure.net/secrets/username/99ff02ca5f664bada15994b937166f0e",
            "key_vault_id": "/subscriptions/8a21611a-c5d3-4127-a0e2-be72ad32026d/resourceGroups/apoorv-rg/providers/Microsoft.KeyVault/vaults/apoorvkey3344",
            "name": "username",
            "resource_id": "/subscriptions/8a21611a-c5d3-4127-a0e2-be72ad32026d/resourceGroups/apoorv-rg/providers/Microsoft.KeyVault/vaults/apoorvkey3344/secrets/username/versions/99ff02ca5f664bada15994b937166f0e",
            "resource_versionless_id": "/subscriptions/8a21611a-c5d3-4127-a0e2-be72ad32026d/resourceGroups/apoorv-rg/providers/Microsoft.KeyVault/vaults/apoorvkey3344/secrets/username",
            "tags": {},
            "timeouts": null,
            "value": "testuser",
            "version": "99ff02ca5f664bada15994b937166f0e",
            "versionless_id": "https://apoorvkey3344.vault.azure.net/secrets/username"
          },
          "sensitive_attributes": []
        }
      ]
    },
    {
      "mode": "data",
      "type": "azurerm_resource_group",
      "name": "existing-rg",
      "provider": "provider[\"registry.terraform.io/hashicorp/azurerm\"]",
      "instances": [
        {
          "schema_version": 0,
          "attributes": {
            "id": "/subscriptions/8a21611a-c5d3-4127-a0e2-be72ad32026d/resourceGroups/apoorv-rg",
            "location": "eastus",
            "name": "apoorv-rg",
            "tags": {},
            "timeouts": null
          },
          "sensitive_attributes": []
        }
      ]
    },
    {
      "mode": "data",
      "type": "azurerm_storage_account",
      "name": "existing-storage-account",
      "provider": "provider[\"registry.terraform.io/hashicorp/azurerm\"]",
      "instances": [
        {
          "schema_version": 0,
          "attributes": {
            "access_tier": "Hot",
            "account_kind": "StorageV2",
            "account_replication_type": "LRS",
            "account_tier": "Standard",
            "allow_nested_items_to_be_public": true,
            "custom_domain": null,
            "enable_https_traffic_only": true,
            "id": "/subscriptions/8a21611a-c5d3-4127-a0e2-be72ad32026d/resourceGroups/apoorv-rg/providers/Microsoft.Storage/storageAccounts/apoorv3300storage",
            "identity": [],
            "infrastructure_encryption_enabled": false,
            "is_hns_enabled": true,
            "location": "eastus",
            "min_tls_version": "TLS1_2",
            "name": "apoorv3300storage",
            "nfsv3_enabled": false,
            "primary_access_key": "7hxziaUxH18cseYXZWi3tnghIQV7YwY373zr5HwaI2PHIG5PiHNvV39hQNOxRZv0nSxZto6pQ5sA+AStTenVxA==",
            "primary_blob_connection_string": "DefaultEndpointsProtocol=https;BlobEndpoint=https://apoorv3300storage.blob.core.windows.net/;AccountName=apoorv3300storage;AccountKey=7hxziaUxH18cseYXZWi3tnghIQV7YwY373zr5HwaI2PHIG5PiHNvV39hQNOxRZv0nSxZto6pQ5sA+AStTenVxA==",
            "primary_blob_endpoint": "https://apoorv3300storage.blob.core.windows.net/",
            "primary_blob_host": "apoorv3300storage.blob.core.windows.net",
            "primary_connection_string": "DefaultEndpointsProtocol=https;AccountName=apoorv3300storage;AccountKey=7hxziaUxH18cseYXZWi3tnghIQV7YwY373zr5HwaI2PHIG5PiHNvV39hQNOxRZv0nSxZto6pQ5sA+AStTenVxA==;EndpointSuffix=core.windows.net",
            "primary_dfs_endpoint": "https://apoorv3300storage.dfs.core.windows.net/",
            "primary_dfs_host": "apoorv3300storage.dfs.core.windows.net",
            "primary_file_endpoint": "https://apoorv3300storage.file.core.windows.net/",
            "primary_file_host": "apoorv3300storage.file.core.windows.net",
            "primary_location": "eastus",
            "primary_queue_endpoint": "https://apoorv3300storage.queue.core.windows.net/",
            "primary_queue_host": "apoorv3300storage.queue.core.windows.net",
            "primary_table_endpoint": "https://apoorv3300storage.table.core.windows.net/",
            "primary_table_host": "apoorv3300storage.table.core.windows.net",
            "primary_web_endpoint": "https://apoorv3300storage.z13.web.core.windows.net/",
            "primary_web_host": "apoorv3300storage.z13.web.core.windows.net",
            "queue_encryption_key_type": "Service",
            "resource_group_name": "apoorv-rg",
            "secondary_access_key": "JIgR/9tC1w+K1p/yLOF3FSC5LjYHYbFd6YCAhcG6b5M5J8WydYk9fazdeeeJytWPUVp6Dx5lb53e+AStaUnV2g==",
            "secondary_blob_connection_string": "",
            "secondary_blob_endpoint": null,
            "secondary_blob_host": null,
            "secondary_connection_string": "DefaultEndpointsProtocol=https;AccountName=apoorv3300storage;AccountKey=JIgR/9tC1w+K1p/yLOF3FSC5LjYHYbFd6YCAhcG6b5M5J8WydYk9fazdeeeJytWPUVp6Dx5lb53e+AStaUnV2g==;EndpointSuffix=core.windows.net",
            "secondary_dfs_endpoint": null,
            "secondary_dfs_host": null,
            "secondary_file_endpoint": null,
            "secondary_file_host": null,
            "secondary_location": "",
            "secondary_queue_endpoint": null,
            "secondary_queue_host": null,
            "secondary_table_endpoint": null,
            "secondary_table_host": null,
            "secondary_web_endpoint": null,
            "secondary_web_host": null,
            "table_encryption_key_type": "Service",
            "tags": {},
            "timeouts": null
          },
          "sensitive_attributes": []
        }
      ]
    },
    {
      "mode": "data",
      "type": "azurerm_storage_share",
      "name": "adls-gen2-file-service",
      "provider": "provider[\"registry.terraform.io/hashicorp/azurerm\"]",
      "instances": [
        {
          "schema_version": 0,
          "attributes": {
            "acl": [],
            "id": "https://apoorv3300storage.file.core.windows.net/data",
            "metadata": {},
            "name": "data",
            "quota": 5120,
            "resource_manager_id": "/subscriptions/8a21611a-c5d3-4127-a0e2-be72ad32026d/resourceGroups/apoorv-rg/providers/Microsoft.Storage/storageAccounts/apoorv3300storage/fileServices/default/fileshares/data",
            "storage_account_name": "apoorv3300storage",
            "timeouts": null
          },
          "sensitive_attributes": []
        }
      ]
    },
    {
      "mode": "managed",
      "type": "azurerm_resource_group",
      "name": "RG",
      "provider": "provider[\"registry.terraform.io/hashicorp/azurerm\"]",
      "instances": [
        {
          "schema_version": 0,
          "attributes": {
            "id": "/subscriptions/8a21611a-c5d3-4127-a0e2-be72ad32026d/resourceGroups/onprem-rg",
            "location": "eastus",
            "name": "onprem-rg",
            "tags": {
              "environment": "test"
            },
            "timeouts": null
          },
          "sensitive_attributes": [],
          "private": "eyJlMmJmYjczMC1lY2FhLTExZTYtOGY4OC0zNDM2M2JjN2M0YzAiOnsiY3JlYXRlIjo1NDAwMDAwMDAwMDAwLCJkZWxldGUiOjU0MDAwMDAwMDAwMDAsInJlYWQiOjMwMDAwMDAwMDAwMCwidXBkYXRlIjo1NDAwMDAwMDAwMDAwfX0="
        }
      ]
    },
    {
      "mode": "managed",
      "type": "azurerm_subnet",
      "name": "subnet",
      "provider": "provider[\"registry.terraform.io/hashicorp/azurerm\"]",
      "instances": [
        {
          "schema_version": 0,
          "attributes": {
            "address_prefixes": [
              "10.1.1.0/24"
            ],
            "delegation": [],
            "enforce_private_link_endpoint_network_policies": false,
            "enforce_private_link_service_network_policies": false,
            "id": "/subscriptions/8a21611a-c5d3-4127-a0e2-be72ad32026d/resourceGroups/onprem-rg/providers/Microsoft.Network/virtualNetworks/onprem_vnet/subnets/Subnet-A",
            "name": "Subnet-A",
            "private_endpoint_network_policies_enabled": true,
            "private_link_service_network_policies_enabled": true,
            "resource_group_name": "onprem-rg",
            "service_endpoint_policy_ids": null,
            "service_endpoints": null,
            "timeouts": null,
            "virtual_network_name": "onprem_vnet"
          },
          "sensitive_attributes": [],
          "private": "eyJlMmJmYjczMC1lY2FhLTExZTYtOGY4OC0zNDM2M2JjN2M0YzAiOnsiY3JlYXRlIjoxODAwMDAwMDAwMDAwLCJkZWxldGUiOjE4MDAwMDAwMDAwMDAsInJlYWQiOjMwMDAwMDAwMDAwMCwidXBkYXRlIjoxODAwMDAwMDAwMDAwfX0=",
          "dependencies": [
            "azurerm_resource_group.RG",
            "azurerm_virtual_network.Vnet"
          ]
        }
      ]
    },
    {
      "mode": "managed",
      "type": "azurerm_virtual_network",
      "name": "Vnet",
      "provider": "provider[\"registry.terraform.io/hashicorp/azurerm\"]",
      "instances": [
        {
          "schema_version": 0,
          "attributes": {
            "address_space": [
              "10.1.0.0/16"
            ],
            "bgp_community": "",
            "ddos_protection_plan": [],
            "dns_servers": [],
            "edge_zone": "",
            "flow_timeout_in_minutes": 0,
            "guid": "d6ba4078-5488-40e3-a186-4756959e1042",
            "id": "/subscriptions/8a21611a-c5d3-4127-a0e2-be72ad32026d/resourceGroups/onprem-rg/providers/Microsoft.Network/virtualNetworks/onprem_vnet",
            "location": "eastus",
            "name": "onprem_vnet",
            "resource_group_name": "onprem-rg",
            "subnet": [],
            "tags": {
              "environment": "test"
            },
            "timeouts": null
          },
          "sensitive_attributes": [],
          "private": "eyJlMmJmYjczMC1lY2FhLTExZTYtOGY4OC0zNDM2M2JjN2M0YzAiOnsiY3JlYXRlIjoxODAwMDAwMDAwMDAwLCJkZWxldGUiOjE4MDAwMDAwMDAwMDAsInJlYWQiOjMwMDAwMDAwMDAwMCwidXBkYXRlIjoxODAwMDAwMDAwMDAwfX0=",
          "dependencies": [
            "azurerm_resource_group.RG"
          ]
        }
      ]
    }
  ],
  "check_results": null
}
