{
  "version": 4,
  "terraform_version": "1.3.7",
  "serial": 4,
  "lineage": "dd835def-0d5e-1222-7bcb-31be73f490e7",
  "outputs": {
    "object_id": {
      "value": "03ef7bfa-d9ce-4f02-af11-47193ebab86d",
      "type": "string"
    },
    "tenant_id": {
      "value": "d18895cc-999c-43f0-acda-6b008393110a",
      "type": "string"
    }
  },
  "resources": [
    {
      "mode": "data",
      "type": "azurerm_client_config",
      "name": "terraform",
      "provider": "provider[\"registry.terraform.io/hashicorp/azurerm\"]",
      "instances": [
        {
          "schema_version": 0,
          "attributes": {
            "client_id": "b73e92d6-2aa0-4c0a-af3d-14beacc772f2",
            "id": "2023-01-10 10:38:06.1700673 +0000 UTC",
            "object_id": "03ef7bfa-d9ce-4f02-af11-47193ebab86d",
            "subscription_id": "8a21611a-c5d3-4127-a0e2-be72ad32026d",
            "tenant_id": "d18895cc-999c-43f0-acda-6b008393110a",
            "timeouts": null
          },
          "sensitive_attributes": []
        }
      ]
    },
    {
      "mode": "managed",
      "type": "azurerm_key_vault",
      "name": "key-vault",
      "provider": "provider[\"registry.terraform.io/hashicorp/azurerm\"]",
      "instances": [
        {
          "index_key": 0,
          "schema_version": 2,
          "attributes": {
            "access_policy": [
              {
                "application_id": "",
                "certificate_permissions": null,
                "key_permissions": null,
                "object_id": "03ef7bfa-d9ce-4f02-af11-47193ebab86d",
                "secret_permissions": [
                  "Get"
                ],
                "storage_permissions": null,
                "tenant_id": "d18895cc-999c-43f0-acda-6b008393110a"
              }
            ],
            "contact": [],
            "enable_rbac_authorization": false,
            "enabled_for_deployment": false,
            "enabled_for_disk_encryption": true,
            "enabled_for_template_deployment": false,
            "id": "/subscriptions/8a21611a-c5d3-4127-a0e2-be72ad32026d/resourceGroups/apoorv-rg/providers/Microsoft.KeyVault/vaults/apoorv330022",
            "location": "eastus",
            "name": "apoorv330022",
            "network_acls": [
              {
                "bypass": "AzureServices",
                "default_action": "Allow",
                "ip_rules": [],
                "virtual_network_subnet_ids": []
              }
            ],
            "purge_protection_enabled": false,
            "resource_group_name": "apoorv-rg",
            "sku_name": "standard",
            "soft_delete_retention_days": 7,
            "tags": null,
            "tenant_id": "d18895cc-999c-43f0-acda-6b008393110a",
            "timeouts": null,
            "vault_uri": "https://apoorv330022.vault.azure.net/"
          },
          "sensitive_attributes": [],
          "private": "eyJlMmJmYjczMC1lY2FhLTExZTYtOGY4OC0zNDM2M2JjN2M0YzAiOnsiY3JlYXRlIjoxODAwMDAwMDAwMDAwLCJkZWxldGUiOjE4MDAwMDAwMDAwMDAsInJlYWQiOjMwMDAwMDAwMDAwMCwidXBkYXRlIjoxODAwMDAwMDAwMDAwfSwic2NoZW1hX3ZlcnNpb24iOiIyIn0=",
          "dependencies": [
            "azurerm_resource_group.RG",
            "data.azurerm_client_config.terraform"
          ]
        },
        {
          "index_key": 1,
          "schema_version": 2,
          "attributes": {
            "access_policy": [
              {
                "application_id": "",
                "certificate_permissions": null,
                "key_permissions": null,
                "object_id": "03ef7bfa-d9ce-4f02-af11-47193ebab86d",
                "secret_permissions": [
                  "Get"
                ],
                "storage_permissions": null,
                "tenant_id": "d18895cc-999c-43f0-acda-6b008393110a"
              }
            ],
            "contact": [],
            "enable_rbac_authorization": false,
            "enabled_for_deployment": false,
            "enabled_for_disk_encryption": true,
            "enabled_for_template_deployment": false,
            "id": "/subscriptions/8a21611a-c5d3-4127-a0e2-be72ad32026d/resourceGroups/apoorv-rg/providers/Microsoft.KeyVault/vaults/boss330012",
            "location": "eastus",
            "name": "boss330012",
            "network_acls": [
              {
                "bypass": "AzureServices",
                "default_action": "Allow",
                "ip_rules": [],
                "virtual_network_subnet_ids": []
              }
            ],
            "purge_protection_enabled": false,
            "resource_group_name": "apoorv-rg",
            "sku_name": "standard",
            "soft_delete_retention_days": 7,
            "tags": null,
            "tenant_id": "d18895cc-999c-43f0-acda-6b008393110a",
            "timeouts": null,
            "vault_uri": "https://boss330012.vault.azure.net/"
          },
          "sensitive_attributes": [],
          "private": "eyJlMmJmYjczMC1lY2FhLTExZTYtOGY4OC0zNDM2M2JjN2M0YzAiOnsiY3JlYXRlIjoxODAwMDAwMDAwMDAwLCJkZWxldGUiOjE4MDAwMDAwMDAwMDAsInJlYWQiOjMwMDAwMDAwMDAwMCwidXBkYXRlIjoxODAwMDAwMDAwMDAwfSwic2NoZW1hX3ZlcnNpb24iOiIyIn0=",
          "dependencies": [
            "azurerm_resource_group.RG",
            "data.azurerm_client_config.terraform"
          ]
        }
      ]
    },
    {
      "mode": "managed",
      "type": "azurerm_resource_group",
      "name": "RG",
      "provider": "provider[\"registry.terraform.io/hashicorp/azurerm\"]",
      "instances": [
        {
          "schema_version": 0,
          "attributes": {
            "id": "/subscriptions/8a21611a-c5d3-4127-a0e2-be72ad32026d/resourceGroups/apoorv-rg",
            "location": "eastus",
            "name": "apoorv-rg",
            "tags": {
              "environment": "test"
            },
            "timeouts": null
          },
          "sensitive_attributes": [],
          "private": "eyJlMmJmYjczMC1lY2FhLTExZTYtOGY4OC0zNDM2M2JjN2M0YzAiOnsiY3JlYXRlIjo1NDAwMDAwMDAwMDAwLCJkZWxldGUiOjU0MDAwMDAwMDAwMDAsInJlYWQiOjMwMDAwMDAwMDAwMCwidXBkYXRlIjo1NDAwMDAwMDAwMDAwfX0="
        }
      ]
    }
  ],
  "check_results": null
}
